
Microsoft Visual Studio Solution File, Format Version 12.00
# Visual Studio 15
VisualStudioVersion = 15.0.28307.421
MinimumVisualStudioVersion = 10.0.40219.1
Project("{FAE04EC0-301F-11D3-BF4B-00C04F79EFBC}") = "OOP_Practice", "OOP_Practice\OOP_Practice.csproj", "{DE00B3E9-F41C-492F-8D03-316EB30EC772}"
EndProject
Project("{FAE04EC0-301F-11D3-BF4B-00C04F79EFBC}") = "accessors_testing", "accessors_testing\accessors_testing.csproj", "{1D43DEB0-07A1-4908-BE8D-9892349DAB02}"
EndProject
Global
	GlobalSection(SolutionConfigurationPlatforms) = preSolution
		Debug|Any CPU = Debug|Any CPU
		Release|Any CPU = Release|Any CPU
	EndGlobalSection
	GlobalSection(ProjectConfigurationPlatforms) = postSolution
		{DE00B3E9-F41C-492F-8D03-316EB30EC772}.Debug|Any CPU.ActiveCfg = Debug|Any CPU
		{DE00B3E9-F41C-492F-8D03-316EB30EC772}.Debug|Any CPU.Build.0 = Debug|Any CPU
		{DE00B3E9-F41C-492F-8D03-316EB30EC772}.Release|Any CPU.ActiveCfg = Release|Any CPU
		{DE00B3E9-F41C-492F-8D03-316EB30EC772}.Release|Any CPU.Build.0 = Release|Any CPU
		{1D43DEB0-07A1-4908-BE8D-9892349DAB02}.Debug|Any CPU.ActiveCfg = Debug|Any CPU
		{1D43DEB0-07A1-4908-BE8D-9892349DAB02}.Debug|Any CPU.Build.0 = Debug|Any CPU
		{1D43DEB0-07A1-4908-BE8D-9892349DAB02}.Release|Any CPU.ActiveCfg = Release|Any CPU
		{1D43DEB0-07A1-4908-BE8D-9892349DAB02}.Release|Any CPU.Build.0 = Release|Any CPU
	EndGlobalSection
	GlobalSection(SolutionProperties) = preSolution
		HideSolutionNode = FALSE
	EndGlobalSection
	GlobalSection(ExtensibilityGlobals) = postSolution
		SolutionGuid = {31A1766B-B82B-4FC1-9DCD-557A7775924F}
	EndGlobalSection
EndGlobal
